// !$*UTF8*$!
{
	archiveVersion = 1;
	classes = {
	};
	objectVersion = 46;
	objects = {

/* Begin PBXBuildFile section */
		F425E2681F7D03540045C5BA /* AppDelegate.swift in Sources */ = {isa = PBXBuildFile; fileRef = F425E2671F7D03540045C5BA /* AppDelegate.swift */; };
		F425E26A1F7D03540045C5BA /* EventsViewController.swift in Sources */ = {isa = PBXBuildFile; fileRef = F425E2691F7D03540045C5BA /* EventsViewController.swift */; };
		F425E26D1F7D03540045C5BA /* Main.storyboard in Resources */ = {isa = PBXBuildFile; fileRef = F425E26B1F7D03540045C5BA /* Main.storyboard */; };
		F425E26F1F7D03540045C5BA /* Assets.xcassets in Resources */ = {isa = PBXBuildFile; fileRef = F425E26E1F7D03540045C5BA /* Assets.xcassets */; };
		F425E2721F7D03540045C5BA /* LaunchScreen.storyboard in Resources */ = {isa = PBXBuildFile; fileRef = F425E2701F7D03540045C5BA /* LaunchScreen.storyboard */; };
		F425E27C1F7D21D40045C5BA /* IBussinessEntity.swift in Sources */ = {isa = PBXBuildFile; fileRef = F425E27B1F7D21D40045C5BA /* IBussinessEntity.swift */; };
		F425E27E1F7D23120045C5BA /* BussinessEntity.swift in Sources */ = {isa = PBXBuildFile; fileRef = F425E27D1F7D23110045C5BA /* BussinessEntity.swift */; };
		F425E2801F7D24620045C5BA /* Calendar.swift in Sources */ = {isa = PBXBuildFile; fileRef = F425E27F1F7D24620045C5BA /* Calendar.swift */; };
		F425E2821F7D27C60045C5BA /* Event.swift in Sources */ = {isa = PBXBuildFile; fileRef = F425E2811F7D27C60045C5BA /* Event.swift */; };
		F425E2861F7D2AAF0045C5BA /* IRepository.swift in Sources */ = {isa = PBXBuildFile; fileRef = F425E2851F7D2AAF0045C5BA /* IRepository.swift */; };
		F425E2881F7D2BF50045C5BA /* ICanledarRepository.swift in Sources */ = {isa = PBXBuildFile; fileRef = F425E2871F7D2BF50045C5BA /* ICanledarRepository.swift */; };
		F425E28A1F7D2C050045C5BA /* IEventRepository.swift in Sources */ = {isa = PBXBuildFile; fileRef = F425E2891F7D2C050045C5BA /* IEventRepository.swift */; };
		F425E28C1F7D2E240045C5BA /* CanledarRepository.swift in Sources */ = {isa = PBXBuildFile; fileRef = F425E28B1F7D2E240045C5BA /* CanledarRepository.swift */; };
		F425E28E1F7D306D0045C5BA /* InitialData.swift in Sources */ = {isa = PBXBuildFile; fileRef = F425E28D1F7D306D0045C5BA /* InitialData.swift */; };
		F425E2901F7D60C80045C5BA /* EventTableViewCell.swift in Sources */ = {isa = PBXBuildFile; fileRef = F425E28F1F7D60C80045C5BA /* EventTableViewCell.swift */; };
		F425E2921F7D67390045C5BA /* CalendarsViewController.swift in Sources */ = {isa = PBXBuildFile; fileRef = F425E2911F7D67390045C5BA /* CalendarsViewController.swift */; };
/* End PBXBuildFile section */

/* Begin PBXFileReference section */
		F425E2641F7D03540045C5BA /* EventBox.app */ = {isa = PBXFileReference; explicitFileType = wrapper.application; includeInIndex = 0; path = EventBox.app; sourceTree = BUILT_PRODUCTS_DIR; };
		F425E2671F7D03540045C5BA /* AppDelegate.swift */ = {isa = PBXFileReference; lastKnownFileType = sourcecode.swift; path = AppDelegate.swift; sourceTree = "<group>"; };
		F425E2691F7D03540045C5BA /* EventsViewController.swift */ = {isa = PBXFileReference; lastKnownFileType = sourcecode.swift; path = EventsViewController.swift; sourceTree = "<group>"; };
		F425E26C1F7D03540045C5BA /* Base */ = {isa = PBXFileReference; lastKnownFileType = file.storyboard; name = Base; path = Base.lproj/Main.storyboard; sourceTree = "<group>"; };
		F425E26E1F7D03540045C5BA /* Assets.xcassets */ = {isa = PBXFileReference; lastKnownFileType = folder.assetcatalog; path = Assets.xcassets; sourceTree = "<group>"; };
		F425E2711F7D03540045C5BA /* Base */ = {isa = PBXFileReference; lastKnownFileType = file.storyboard; name = Base; path = Base.lproj/LaunchScreen.storyboard; sourceTree = "<group>"; };
		F425E2731F7D03540045C5BA /* Info.plist */ = {isa = PBXFileReference; lastKnownFileType = text.plist.xml; path = Info.plist; sourceTree = "<group>"; };
		F425E27B1F7D21D40045C5BA /* IBussinessEntity.swift */ = {isa = PBXFileReference; fileEncoding = 4; lastKnownFileType = sourcecode.swift; path = IBussinessEntity.swift; sourceTree = "<group>"; };
		F425E27D1F7D23110045C5BA /* BussinessEntity.swift */ = {isa = PBXFileReference; fileEncoding = 4; lastKnownFileType = sourcecode.swift; path = BussinessEntity.swift; sourceTree = "<group>"; };
		F425E27F1F7D24620045C5BA /* Calendar.swift */ = {isa = PBXFileReference; fileEncoding = 4; lastKnownFileType = sourcecode.swift; path = Calendar.swift; sourceTree = "<group>"; };
		F425E2811F7D27C60045C5BA /* Event.swift */ = {isa = PBXFileReference; fileEncoding = 4; lastKnownFileType = sourcecode.swift; path = Event.swift; sourceTree = "<group>"; };
		F425E2851F7D2AAF0045C5BA /* IRepository.swift */ = {isa = PBXFileReference; fileEncoding = 4; lastKnownFileType = sourcecode.swift; path = IRepository.swift; sourceTree = "<group>"; };
		F425E2871F7D2BF50045C5BA /* ICanledarRepository.swift */ = {isa = PBXFileReference; fileEncoding = 4; lastKnownFileType = sourcecode.swift; path = ICanledarRepository.swift; sourceTree = "<group>"; };
		F425E2891F7D2C050045C5BA /* IEventRepository.swift */ = {isa = PBXFileReference; fileEncoding = 4; lastKnownFileType = sourcecode.swift; path = IEventRepository.swift; sourceTree = "<group>"; };
		F425E28B1F7D2E240045C5BA /* CanledarRepository.swift */ = {isa = PBXFileReference; fileEncoding = 4; lastKnownFileType = sourcecode.swift; path = CanledarRepository.swift; sourceTree = "<group>"; };
		F425E28D1F7D306D0045C5BA /* InitialData.swift */ = {isa = PBXFileReference; fileEncoding = 4; lastKnownFileType = sourcecode.swift; path = InitialData.swift; sourceTree = "<group>"; };
		F425E28F1F7D60C80045C5BA /* EventTableViewCell.swift */ = {isa = PBXFileReference; fileEncoding = 4; lastKnownFileType = sourcecode.swift; path = EventTableViewCell.swift; sourceTree = "<group>"; };
		F425E2911F7D67390045C5BA /* CalendarsViewController.swift */ = {isa = PBXFileReference; fileEncoding = 4; lastKnownFileType = sourcecode.swift; path = CalendarsViewController.swift; sourceTree = "<group>"; };
/* End PBXFileReference section */

/* Begin PBXFrameworksBuildPhase section */
		F425E2611F7D03540045C5BA /* Frameworks */ = {
			isa = PBXFrameworksBuildPhase;
			buildActionMask = 2147483647;
			files = (
			);
			runOnlyForDeploymentPostprocessing = 0;
		};
/* End PBXFrameworksBuildPhase section */

/* Begin PBXGroup section */
		F425E25B1F7D03540045C5BA = {
			isa = PBXGroup;
			children = (
				F425E2661F7D03540045C5BA /* EventBox */,
				F425E2651F7D03540045C5BA /* Products */,
			);
			sourceTree = "<group>";
		};
		F425E2651F7D03540045C5BA /* Products */ = {
			isa = PBXGroup;
			children = (
				F425E2641F7D03540045C5BA /* EventBox.app */,
			);
			name = Products;
			sourceTree = "<group>";
		};
		F425E2661F7D03540045C5BA /* EventBox */ = {
			isa = PBXGroup;
			children = (
				F425E2791F7D1B860045C5BA /* Models */,
				F425E2671F7D03540045C5BA /* AppDelegate.swift */,
				F425E28F1F7D60C80045C5BA /* EventTableViewCell.swift */,
				F425E2691F7D03540045C5BA /* EventsViewController.swift */,
				F425E26B1F7D03540045C5BA /* Main.storyboard */,
				F425E26E1F7D03540045C5BA /* Assets.xcassets */,
				F425E2701F7D03540045C5BA /* LaunchScreen.storyboard */,
				F425E2731F7D03540045C5BA /* Info.plist */,
				F425E2911F7D67390045C5BA /* CalendarsViewController.swift */,
			);
			path = EventBox;
			sourceTree = "<group>";
		};
		F425E2791F7D1B860045C5BA /* Models */ = {
			isa = PBXGroup;
			children = (
				F425E2841F7D2A890045C5BA /* Repository */,
				F425E2831F7D2A7D0045C5BA /* Domain */,
			);
			name = Models;
			sourceTree = "<group>";
		};
		F425E2831F7D2A7D0045C5BA /* Domain */ = {
			isa = PBXGroup;
			children = (
				F425E27B1F7D21D40045C5BA /* IBussinessEntity.swift */,
				F425E27D1F7D23110045C5BA /* BussinessEntity.swift */,
				F425E27F1F7D24620045C5BA /* Calendar.swift */,
				F425E2811F7D27C60045C5BA /* Event.swift */,
				F425E28D1F7D306D0045C5BA /* InitialData.swift */,
			);
			name = Domain;
			sourceTree = "<group>";
		};
		F425E2841F7D2A890045C5BA /* Repository */ = {
			isa = PBXGroup;
			children = (
				F425E2851F7D2AAF0045C5BA /* IRepository.swift */,
				F425E2871F7D2BF50045C5BA /* ICanledarRepository.swift */,
				F425E28B1F7D2E240045C5BA /* CanledarRepository.swift */,
				F425E2891F7D2C050045C5BA /* IEventRepository.swift */,
			);
			name = Repository;
			sourceTree = "<group>";
		};
/* End PBXGroup section */

/* Begin PBXNativeTarget section */
		F425E2631F7D03540045C5BA /* EventBox */ = {
			isa = PBXNativeTarget;
			buildConfigurationList = F425E2761F7D03540045C5BA /* Build configuration list for PBXNativeTarget "EventBox" */;
			buildPhases = (
				F425E2601F7D03540045C5BA /* Sources */,
				F425E2611F7D03540045C5BA /* Frameworks */,
				F425E2621F7D03540045C5BA /* Resources */,
			);
			buildRules = (
			);
			dependencies = (
			);
			name = EventBox;
			productName = EventBox;
			productReference = F425E2641F7D03540045C5BA /* EventBox.app */;
			productType = "com.apple.product-type.application";
		};
/* End PBXNativeTarget section */

/* Begin PBXProject section */
		F425E25C1F7D03540045C5BA /* Project object */ = {
			isa = PBXProject;
			attributes = {
				LastSwiftUpdateCheck = 0830;
				LastUpgradeCheck = 0830;
				ORGANIZATIONNAME = shams;
				TargetAttributes = {
					F425E2631F7D03540045C5BA = {
						CreatedOnToolsVersion = 8.3.1;
						ProvisioningStyle = Automatic;
					};
				};
			};
			buildConfigurationList = F425E25F1F7D03540045C5BA /* Build configuration list for PBXProject "EventBox" */;
			compatibilityVersion = "Xcode 3.2";
			developmentRegion = English;
			hasScannedForEncodings = 0;
			knownRegions = (
				en,
				Base,
			);
			mainGroup = F425E25B1F7D03540045C5BA;
			productRefGroup = F425E2651F7D03540045C5BA /* Products */;
			projectDirPath = "";
			projectRoot = "";
			targets = (
				F425E2631F7D03540045C5BA /* EventBox */,
			);
		};
/* End PBXProject section */

/* Begin PBXResourcesBuildPhase section */
		F425E2621F7D03540045C5BA /* Resources */ = {
			isa = PBXResourcesBuildPhase;
			buildActionMask = 2147483647;
			files = (
				F425E2721F7D03540045C5BA /* LaunchScreen.storyboard in Resources */,
				F425E26F1F7D03540045C5BA /* Assets.xcassets in Resources */,
				F425E26D1F7D03540045C5BA /* Main.storyboard in Resources */,
			);
			runOnlyForDeploymentPostprocessing = 0;
		};
/* End PBXResourcesBuildPhase section */

/* Begin PBXSourcesBuildPhase section */
		F425E2601F7D03540045C5BA /* Sources */ = {
			isa = PBXSourcesBuildPhase;
			buildActionMask = 2147483647;
			files = (
				F425E2901F7D60C80045C5BA /* EventTableViewCell.swift in Sources */,
				F425E27E1F7D23120045C5BA /* BussinessEntity.swift in Sources */,
				F425E2921F7D67390045C5BA /* CalendarsViewController.swift in Sources */,
				F425E26A1F7D03540045C5BA /* EventsViewController.swift in Sources */,
				F425E2681F7D03540045C5BA /* AppDelegate.swift in Sources */,
				F425E27C1F7D21D40045C5BA /* IBussinessEntity.swift in Sources */,
				F425E2861F7D2AAF0045C5BA /* IRepository.swift in Sources */,
				F425E28E1F7D306D0045C5BA /* InitialData.swift in Sources */,
				F425E28C1F7D2E240045C5BA /* CanledarRepository.swift in Sources */,
				F425E28A1F7D2C050045C5BA /* IEventRepository.swift in Sources */,
				F425E2821F7D27C60045C5BA /* Event.swift in Sources */,
				F425E2801F7D24620045C5BA /* Calendar.swift in Sources */,
				F425E2881F7D2BF50045C5BA /* ICanledarRepository.swift in Sources */,
			);
			runOnlyForDeploymentPostprocessing = 0;
		};
/* End PBXSourcesBuildPhase section */

/* Begin PBXVariantGroup section */
		F425E26B1F7D03540045C5BA /* Main.storyboard */ = {
			isa = PBXVariantGroup;
			children = (
				F425E26C1F7D03540045C5BA /* Base */,
			);
			name = Main.storyboard;
			sourceTree = "<group>";
		};
		F425E2701F7D03540045C5BA /* LaunchScreen.storyboard */ = {
			isa = PBXVariantGroup;
			children = (
				F425E2711F7D03540045C5BA /* Base */,
			);
			name = LaunchScreen.storyboard;
			sourceTree = "<group>";
		};
/* End PBXVariantGroup section */

/* Begin XCBuildConfiguration section */
		F425E2741F7D03540045C5BA /* Debug */ = {
			isa = XCBuildConfiguration;
			buildSettings = {
				ALWAYS_SEARCH_USER_PATHS = NO;
				CLANG_ANALYZER_NONNULL = YES;
				CLANG_ANALYZER_NUMBER_OBJECT_CONVERSION = YES_AGGRESSIVE;
				CLANG_CXX_LANGUAGE_STANDARD = "gnu++0x";
				CLANG_CXX_LIBRARY = "libc++";
				CLANG_ENABLE_MODULES = YES;
				CLANG_ENABLE_OBJC_ARC = YES;
				CLANG_WARN_BOOL_CONVERSION = YES;
				CLANG_WARN_CONSTANT_CONVERSION = YES;
				CLANG_WARN_DIRECT_OBJC_ISA_USAGE = YES_ERROR;
				CLANG_WARN_DOCUMENTATION_COMMENTS = YES;
				CLANG_WARN_EMPTY_BODY = YES;
				CLANG_WARN_ENUM_CONVERSION = YES;
				CLANG_WARN_INFINITE_RECURSION = YES;
				CLANG_WARN_INT_CONVERSION = YES;
				CLANG_WARN_OBJC_ROOT_CLASS = YES_ERROR;
				CLANG_WARN_SUSPICIOUS_MOVE = YES;
				CLANG_WARN_UNREACHABLE_CODE = YES;
				CLANG_WARN__DUPLICATE_METHOD_MATCH = YES;
				"CODE_SIGN_IDENTITY[sdk=iphoneos*]" = "iPhone Developer";
				COPY_PHASE_STRIP = NO;
				DEBUG_INFORMATION_FORMAT = dwarf;
				ENABLE_STRICT_OBJC_MSGSEND = YES;
				ENABLE_TESTABILITY = YES;
				GCC_C_LANGUAGE_STANDARD = gnu99;
				GCC_DYNAMIC_NO_PIC = NO;
				GCC_NO_COMMON_BLOCKS = YES;
				GCC_OPTIMIZATION_LEVEL = 0;
				GCC_PREPROCESSOR_DEFINITIONS = (
					"DEBUG=1",
					"$(inherited)",
				);
				GCC_WARN_64_TO_32_BIT_CONVERSION = YES;
				GCC_WARN_ABOUT_RETURN_TYPE = YES_ERROR;
				GCC_WARN_UNDECLARED_SELECTOR = YES;
				GCC_WARN_UNINITIALIZED_AUTOS = YES_AGGRESSIVE;
				GCC_WARN_UNUSED_FUNCTION = YES;
				GCC_WARN_UNUSED_VARIABLE = YES;
				IPHONEOS_DEPLOYMENT_TARGET = 10.3;
				MTL_ENABLE_DEBUG_INFO = YES;
				ONLY_ACTIVE_ARCH = YES;
				SDKROOT = iphoneos;
				SWIFT_ACTIVE_COMPILATION_CONDITIONS = DEBUG;
				SWIFT_OPTIMIZATION_LEVEL = "-Onone";
				TARGETED_DEVICE_FAMILY = "1,2";
			};
			name = Debug;
		};
		F425E2751F7D03540045C5BA /* Release */ = {
			isa = XCBuildConfiguration;
			buildSettings = {
				ALWAYS_SEARCH_USER_PATHS = NO;
				CLANG_ANALYZER_NONNULL = YES;
				CLANG_ANALYZER_NUMBER_OBJECT_CONVERSION = YES_AGGRESSIVE;
				CLANG_CXX_LANGUAGE_STANDARD = "gnu++0x";
				CLANG_CXX_LIBRARY = "libc++";
				CLANG_ENABLE_MODULES = YES;
				CLANG_ENABLE_OBJC_ARC = YES;
				CLANG_WARN_BOOL_CONVERSION = YES;
				CLANG_WARN_CONSTANT_CONVERSION = YES;
				CLANG_WARN_DIRECT_OBJC_ISA_USAGE = YES_ERROR;
				CLANG_WARN_DOCUMENTATION_COMMENTS = YES;
				CLANG_WARN_EMPTY_BODY = YES;
				CLANG_WARN_ENUM_CONVERSION = YES;
				CLANG_WARN_INFINITE_RECURSION = YES;
				CLANG_WARN_INT_CONVERSION = YES;
				CLANG_WARN_OBJC_ROOT_CLASS = YES_ERROR;
				CLANG_WARN_SUSPICIOUS_MOVE = YES;
				CLANG_WARN_UNREACHABLE_CODE = YES;
				CLANG_WARN__DUPLICATE_METHOD_MATCH = YES;
				"CODE_SIGN_IDENTITY[sdk=iphoneos*]" = "iPhone Developer";
				COPY_PHASE_STRIP = NO;
				DEBUG_INFORMATION_FORMAT = "dwarf-with-dsym";
				ENABLE_NS_ASSERTIONS = NO;
				ENABLE_STRICT_OBJC_MSGSEND = YES;
				GCC_C_LANGUAGE_STANDARD = gnu99;
				GCC_NO_COMMON_BLOCKS = YES;
				GCC_WARN_64_TO_32_BIT_CONVERSION = YES;
				GCC_WARN_ABOUT_RETURN_TYPE = YES_ERROR;
				GCC_WARN_UNDECLARED_SELECTOR = YES;
				GCC_WARN_UNINITIALIZED_AUTOS = YES_AGGRESSIVE;
				GCC_WARN_UNUSED_FUNCTION = YES;
				GCC_WARN_UNUSED_VARIABLE = YES;
				IPHONEOS_DEPLOYMENT_TARGET = 10.3;
				MTL_ENABLE_DEBUG_INFO = NO;
				SDKROOT = iphoneos;
				SWIFT_OPTIMIZATION_LEVEL = "-Owholemodule";
				TARGETED_DEVICE_FAMILY = "1,2";
				VALIDATE_PRODUCT = YES;
			};
			name = Release;
		};
		F425E2771F7D03540045C5BA /* Debug */ = {
			isa = XCBuildConfiguration;
			buildSettings = {
				ASSETCATALOG_COMPILER_APPICON_NAME = AppIcon;
				DEVELOPMENT_TEAM = "";
				INFOPLIST_FILE = EventBox/Info.plist;
				LD_RUNPATH_SEARCH_PATHS = "$(inherited) @executable_path/Frameworks";
				PRODUCT_BUNDLE_IDENTIFIER = com.shams.EventBox;
				PRODUCT_NAME = "$(TARGET_NAME)";
				SWIFT_VERSION = 3.0;
			};
			name = Debug;
		};
		F425E2781F7D03540045C5BA /* Release */ = {
			isa = XCBuildConfiguration;
			buildSettings = {
				ASSETCATALOG_COMPILER_APPICON_NAME = AppIcon;
				DEVELOPMENT_TEAM = "";
				INFOPLIST_FILE = EventBox/Info.plist;
				LD_RUNPATH_SEARCH_PATHS = "$(inherited) @executable_path/Frameworks";
				PRODUCT_BUNDLE_IDENTIFIER = com.shams.EventBox;
				PRODUCT_NAME = "$(TARGET_NAME)";
				SWIFT_VERSION = 3.0;
			};
			name = Release;
		};
/* End XCBuildConfiguration section */

/* Begin XCConfigurationList section */
		F425E25F1F7D03540045C5BA /* Build configuration list for PBXProject "EventBox" */ = {
			isa = XCConfigurationList;
			buildConfigurations = (
				F425E2741F7D03540045C5BA /* Debug */,
				F425E2751F7D03540045C5BA /* Release */,
			);
			defaultConfigurationIsVisible = 0;
			defaultConfigurationName = Release;
		};
		F425E2761F7D03540045C5BA /* Build configuration list for PBXNativeTarget "EventBox" */ = {
			isa = XCConfigurationList;
			buildConfigurations = (
				F425E2771F7D03540045C5BA /* Debug */,
				F425E2781F7D03540045C5BA /* Release */,
			);
			defaultConfigurationIsVisible = 0;
		};
/* End XCConfigurationList section */
	};
	rootObject = F425E25C1F7D03540045C5BA /* Project object */;
}
